// !$*UTF8*$!
{
	archiveVersion = 1;
	classes = {
	};
	objectVersion = 77;
	objects = {

/* Begin PBXContainerItemProxy section */
		08ADF1BE2E69C572007748B1 /* PBXContainerItemProxy */ = {
			isa = PBXContainerItemProxy;
			containerPortal = 08ADF1A82E69C571007748B1 /* Project object */;
			proxyType = 1;
			remoteGlobalIDString = 08ADF1AF2E69C571007748B1;
			remoteInfo = ProcurementAIapp;
		};
		08ADF1C82E69C572007748B1 /* PBXContainerItemProxy */ = {
			isa = PBXContainerItemProxy;
			containerPortal = 08ADF1A82E69C571007748B1 /* Project object */;
			proxyType = 1;
			remoteGlobalIDString = 08ADF1AF2E69C571007748B1;
			remoteInfo = ProcurementAIapp;
		};
/* End PBXContainerItemProxy section */

/* Begin PBXFileReference section */
		08ADF1B02E69C571007748B1 /* ProcurementAIapp.app */ = {isa = PBXFileReference; explicitFileType = wrapper.application; includeInIndex = 0; path = ProcurementAIapp.app; sourceTree = BUILT_PRODUCTS_DIR; };
		08ADF1BD2E69C572007748B1 /* ProcurementAIappTests.xctest */ = {isa = PBXFileReference; explicitFileType = wrapper.cfbundle; includeInIndex = 0; path = ProcurementAIappTests.xctest; sourceTree = BUILT_PRODUCTS_DIR; };
		08ADF1C72E69C572007748B1 /* ProcurementAIappUITests.xctest */ = {isa = PBXFileReference; explicitFileType = wrapper.cfbundle; includeInIndex = 0; path = ProcurementAIappUITests.xctest; sourceTree = BUILT_PRODUCTS_DIR; };
/* End PBXFileReference section */

/* Begin PBXFileSystemSynchronizedBuildFileExceptionSet section */
		086EFA7C2E7AF958001686D5 /* Exceptions for "ProcurementAIapp" folder in "ProcurementAIapp" target */ = {
			isa = PBXFileSystemSynchronizedBuildFileExceptionSet;
			platformFiltersByRelativePath = {
				"Launch Screen.storyboard" = (ios, );
			};
			target = 08ADF1AF2E69C571007748B1 /* ProcurementAIapp */;
		};
/* End PBXFileSystemSynchronizedBuildFileExceptionSet section */

/* Begin PBXFileSystemSynchronizedRootGroup section */
		08ADF1B22E69C571007748B1 /* ProcurementAIapp */ = {
			isa = PBXFileSystemSynchronizedRootGroup;
			exceptions = (
				086EFA7C2E7AF958001686D5 /* Exceptions for "ProcurementAIapp" folder in "ProcurementAIapp" target */,
			);
			path = ProcurementAIapp;
			sourceTree = "<group>";
		};
		08ADF1C02E69C572007748B1 /* ProcurementAIappTests */ = {
			isa = PBXFileSystemSynchronizedRootGroup;
			path = ProcurementAIappTests;
			sourceTree = "<group>";
		};
		08ADF1CA2E69C572007748B1 /* ProcurementAIappUITests */ = {
			isa = PBXFileSystemSynchronizedRootGroup;
			path = ProcurementAIappUITests;
			sourceTree = "<group>";
		};
/* End PBXFileSystemSynchronizedRootGroup section */

/* Begin PBXFrameworksBuildPhase section */
		08ADF1AD2E69C571007748B1 /* Frameworks */ = {
			isa = PBXFrameworksBuildPhase;
			buildActionMask = 2147483647;
			files = (
			);
			runOnlyForDeploymentPostprocessing = 0;
		};
		08ADF1BA2E69C572007748B1 /* Frameworks */ = {
			isa = PBXFrameworksBuildPhase;
			buildActionMask = 2147483647;
			files = (
			);
			runOnlyForDeploymentPostprocessing = 0;
		};
		08ADF1C42E69C572007748B1 /* Frameworks */ = {
			isa = PBXFrameworksBuildPhase;
			buildActionMask = 2147483647;
			files = (
			);
			runOnlyForDeploymentPostprocessing = 0;
		};
/* End PBXFrameworksBuildPhase section */

/* Begin PBXGroup section */
		08ADF1A72E69C571007748B1 = {
			isa = PBXGroup;
			children = (
				08ADF1B22E69C571007748B1 /* ProcurementAIapp */,
				08ADF1C02E69C572007748B1 /* ProcurementAIappTests */,
				08ADF1CA2E69C572007748B1 /* ProcurementAIappUITests */,
				08ADF1B12E69C571007748B1 /* Products */,
			);
			sourceTree = "<group>";
		};
		08ADF1B12E69C571007748B1 /* Products */ = {
			isa = PBXGroup;
			children = (
				08ADF1B02E69C571007748B1 /* ProcurementAIapp.app */,
				08ADF1BD2E69C572007748B1 /* ProcurementAIappTests.xctest */,
				08ADF1C72E69C572007748B1 /* ProcurementAIappUITests.xctest */,
			);
			name = Products;
			sourceTree = "<group>";
		};
/* End PBXGroup section */

/* Begin PBXNativeTarget section */
		08ADF1AF2E69C571007748B1 /* ProcurementAIapp */ = {
			isa = PBXNativeTarget;
			buildConfigurationList = 08ADF1D12E69C572007748B1 /* Build configuration list for PBXNativeTarget "ProcurementAIapp" */;
			buildPhases = (
				08ADF1AC2E69C571007748B1 /* Sources */,
				08ADF1AD2E69C571007748B1 /* Frameworks */,
				08ADF1AE2E69C571007748B1 /* Resources */,
			);
			buildRules = (
			);
			dependencies = (
			);
			fileSystemSynchronizedGroups = (
				08ADF1B22E69C571007748B1 /* ProcurementAIapp */,
			);
			name = ProcurementAIapp;
			packageProductDependencies = (
			);
			productName = ProcurementAIapp;
			productReference = 08ADF1B02E69C571007748B1 /* ProcurementAIapp.app */;
			productType = "com.apple.product-type.application";
		};
		08ADF1BC2E69C572007748B1 /* ProcurementAIappTests */ = {
			isa = PBXNativeTarget;
			buildConfigurationList = 08ADF1D42E69C572007748B1 /* Build configuration list for PBXNativeTarget "ProcurementAIappTests" */;
			buildPhases = (
				08ADF1B92E69C572007748B1 /* Sources */,
				08ADF1BA2E69C572007748B1 /* Frameworks */,
				08ADF1BB2E69C572007748B1 /* Resources */,
			);
			buildRules = (
			);
			dependencies = (
				08ADF1BF2E69C572007748B1 /* PBXTargetDependency */,
			);
			fileSystemSynchronizedGroups = (
				08ADF1C02E69C572007748B1 /* ProcurementAIappTests */,
			);
			name = ProcurementAIappTests;
			packageProductDependencies = (
			);
			productName = ProcurementAIappTests;
			productReference = 08ADF1BD2E69C572007748B1 /* ProcurementAIappTests.xctest */;
			productType = "com.apple.product-type.bundle.unit-test";
		};
		08ADF1C62E69C572007748B1 /* ProcurementAIappUITests */ = {
			isa = PBXNativeTarget;
			buildConfigurationList = 08ADF1D72E69C572007748B1 /* Build configuration list for PBXNativeTarget "ProcurementAIappUITests" */;
			buildPhases = (
				08ADF1C32E69C572007748B1 /* Sources */,
				08ADF1C42E69C572007748B1 /* Frameworks */,
				08ADF1C52E69C572007748B1 /* Resources */,
			);
			buildRules = (
			);
			dependencies = (
				08ADF1C92E69C572007748B1 /* PBXTargetDependency */,
			);
			fileSystemSynchronizedGroups = (
				08ADF1CA2E69C572007748B1 /* ProcurementAIappUITests */,
			);
			name = ProcurementAIappUITests;
			packageProductDependencies = (
			);
			productName = ProcurementAIappUITests;
			productReference = 08ADF1C72E69C572007748B1 /* ProcurementAIappUITests.xctest */;
			productType = "com.apple.product-type.bundle.ui-testing";
		};
/* End PBXNativeTarget section */

/* Begin PBXProject section */
		08ADF1A82E69C571007748B1 /* Project object */ = {
			isa = PBXProject;
			attributes = {
				BuildIndependentTargetsInParallel = 1;
				LastSwiftUpdateCheck = 1640;
				LastUpgradeCheck = 1640;
				TargetAttributes = {
					08ADF1AF2E69C571007748B1 = {
						CreatedOnToolsVersion = 16.4;
					};
					08ADF1BC2E69C572007748B1 = {
						CreatedOnToolsVersion = 16.4;
						TestTargetID = 08ADF1AF2E69C571007748B1;
					};
					08ADF1C62E69C572007748B1 = {
						CreatedOnToolsVersion = 16.4;
						TestTargetID = 08ADF1AF2E69C571007748B1;
					};
				};
			};
			buildConfigurationList = 08ADF1AB2E69C571007748B1 /* Build configuration list for PBXProject "ProcurementAIapp" */;
			developmentRegion = en;
			hasScannedForEncodings = 0;
			knownRegions = (
				en,
				Base,
			);
			mainGroup = 08ADF1A72E69C571007748B1;
			minimizedProjectReferenceProxies = 1;
			preferredProjectObjectVersion = 77;
			productRefGroup = 08ADF1B12E69C571007748B1 /* Products */;
			projectDirPath = "";
			projectRoot = "";
			targets = (
				08ADF1AF2E69C571007748B1 /* ProcurementAIapp */,
				08ADF1BC2E69C572007748B1 /* ProcurementAIappTests */,
				08ADF1C62E69C572007748B1 /* ProcurementAIappUITests */,
			);
		};
/* End PBXProject section */

/* Begin PBXResourcesBuildPhase section */
		08ADF1AE2E69C571007748B1 /* Resources */ = {
			isa = PBXResourcesBuildPhase;
			buildActionMask = 2147483647;
			files = (
			);
			runOnlyForDeploymentPostprocessing = 0;
		};
		08ADF1BB2E69C572007748B1 /* Resources */ = {
			isa = PBXResourcesBuildPhase;
			buildActionMask = 2147483647;
			files = (
			);
			runOnlyForDeploymentPostprocessing = 0;
		};
		08ADF1C52E69C572007748B1 /* Resources */ = {
			isa = PBXResourcesBuildPhase;
			buildActionMask = 2147483647;
			files = (
			);
			runOnlyForDeploymentPostprocessing = 0;
		};
/* End PBXResourcesBuildPhase section */

/* Begin PBXSourcesBuildPhase section */
		08ADF1AC2E69C571007748B1 /* Sources */ = {
			isa = PBXSourcesBuildPhase;
			buildActionMask = 2147483647;
			files = (
			);
			runOnlyForDeploymentPostprocessing = 0;
		};
		08ADF1B92E69C572007748B1 /* Sources */ = {
			isa = PBXSourcesBuildPhase;
			buildActionMask = 2147483647;
			files = (
			);
			runOnlyForDeploymentPostprocessing = 0;
		};
		08ADF1C32E69C572007748B1 /* Sources */ = {
			isa = PBXSourcesBuildPhase;
			buildActionMask = 2147483647;
			files = (
			);
			runOnlyForDeploymentPostprocessing = 0;
		};
/* End PBXSourcesBuildPhase section */

/* Begin PBXTargetDependency section */
		08ADF1BF2E69C572007748B1 /* PBXTargetDependency */ = {
			isa = PBXTargetDependency;
			target = 08ADF1AF2E69C571007748B1 /* ProcurementAIapp */;
			targetProxy = 08ADF1BE2E69C572007748B1 /* PBXContainerItemProxy */;
		};
		08ADF1C92E69C572007748B1 /* PBXTargetDependency */ = {
			isa = PBXTargetDependency;
			target = 08ADF1AF2E69C571007748B1 /* ProcurementAIapp */;
			targetProxy = 08ADF1C82E69C572007748B1 /* PBXContainerItemProxy */;
		};
/* End PBXTargetDependency section */

/* Begin XCBuildConfiguration section */
		08ADF1CF2E69C572007748B1 /* Debug */ = {
			isa = XCBuildConfiguration;
			buildSettings = {
				ALWAYS_SEARCH_USER_PATHS = NO;
				ASSETCATALOG_COMPILER_GENERATE_SWIFT_ASSET_SYMBOL_EXTENSIONS = YES;
				CLANG_ANALYZER_NONNULL = YES;
				CLANG_ANALYZER_NUMBER_OBJECT_CONVERSION = YES_AGGRESSIVE;
				CLANG_CXX_LANGUAGE_STANDARD = "gnu++20";
				CLANG_ENABLE_MODULES = YES;
				CLANG_ENABLE_OBJC_ARC = YES;
				CLANG_ENABLE_OBJC_WEAK = YES;
				CLANG_WARN_BLOCK_CAPTURE_AUTORELEASING = YES;
				CLANG_WARN_BOOL_CONVERSION = YES;
				CLANG_WARN_COMMA = YES;
				CLANG_WARN_CONSTANT_CONVERSION = YES;
				CLANG_WARN_DEPRECATED_OBJC_IMPLEMENTATIONS = YES;
				CLANG_WARN_DIRECT_OBJC_ISA_USAGE = YES_ERROR;
				CLANG_WARN_DOCUMENTATION_COMMENTS = YES;
				CLANG_WARN_EMPTY_BODY = YES;
				CLANG_WARN_ENUM_CONVERSION = YES;
				CLANG_WARN_INFINITE_RECURSION = YES;
				CLANG_WARN_INT_CONVERSION = YES;
				CLANG_WARN_NON_LITERAL_NULL_CONVERSION = YES;
				CLANG_WARN_OBJC_IMPLICIT_RETAIN_SELF = YES;
				CLANG_WARN_OBJC_LITERAL_CONVERSION = YES;
				CLANG_WARN_OBJC_ROOT_CLASS = YES_ERROR;
				CLANG_WARN_QUOTED_INCLUDE_IN_FRAMEWORK_HEADER = YES;
				CLANG_WARN_RANGE_LOOP_ANALYSIS = YES;
				CLANG_WARN_STRICT_PROTOTYPES = YES;
				CLANG_WARN_SUSPICIOUS_MOVE = YES;
				CLANG_WARN_UNGUARDED_AVAILABILITY = YES_AGGRESSIVE;
				CLANG_WARN_UNREACHABLE_CODE = YES;
				CLANG_WARN__DUPLICATE_METHOD_MATCH = YES;
				COPY_PHASE_STRIP = NO;
				DEBUG_INFORMATION_FORMAT = dwarf;
				ENABLE_STRICT_OBJC_MSGSEND = YES;
				ENABLE_TESTABILITY = YES;
				ENABLE_USER_SCRIPT_SANDBOXING = YES;
				GCC_C_LANGUAGE_STANDARD = gnu17;
				GCC_DYNAMIC_NO_PIC = NO;
				GCC_NO_COMMON_BLOCKS = YES;
				GCC_OPTIMIZATION_LEVEL = 0;
				GCC_PREPROCESSOR_DEFINITIONS = (
					"DEBUG=1",
					"$(inherited)",
				);
				GCC_WARN_64_TO_32_BIT_CONVERSION = YES;
				GCC_WARN_ABOUT_RETURN_TYPE = YES_ERROR;
				GCC_WARN_UNDECLARED_SELECTOR = YES;
				GCC_WARN_UNINITIALIZED_AUTOS = YES_AGGRESSIVE;
				GCC_WARN_UNUSED_FUNCTION = YES;
				GCC_WARN_UNUSED_VARIABLE = YES;
				IPHONEOS_DEPLOYMENT_TARGET = 18.5;
				LOCALIZATION_PREFERS_STRING_CATALOGS = YES;
				MTL_ENABLE_DEBUG_INFO = INCLUDE_SOURCE;
				MTL_FAST_MATH = YES;
				ONLY_ACTIVE_ARCH = YES;
				SDKROOT = iphoneos;
				SWIFT_ACTIVE_COMPILATION_CONDITIONS = "DEBUG $(inherited)";
				SWIFT_OPTIMIZATION_LEVEL = "-Onone";
			};
			name = Debug;
		};
		08ADF1D02E69C572007748B1 /* Release */ = {
			isa = XCBuildConfiguration;
			buildSettings = {
				ALWAYS_SEARCH_USER_PATHS = NO;
				ASSETCATALOG_COMPILER_GENERATE_SWIFT_ASSET_SYMBOL_EXTENSIONS = YES;
				CLANG_ANALYZER_NONNULL = YES;
				CLANG_ANALYZER_NUMBER_OBJECT_CONVERSION = YES_AGGRESSIVE;
				CLANG_CXX_LANGUAGE_STANDARD = "gnu++20";
				CLANG_ENABLE_MODULES = YES;
				CLANG_ENABLE_OBJC_ARC = YES;
				CLANG_ENABLE_OBJC_WEAK = YES;
				CLANG_WARN_BLOCK_CAPTURE_AUTORELEASING = YES;
				CLANG_WARN_BOOL_CONVERSION = YES;
				CLANG_WARN_COMMA = YES;
				CLANG_WARN_CONSTANT_CONVERSION = YES;
				CLANG_WARN_DEPRECATED_OBJC_IMPLEMENTATIONS = YES;
				CLANG_WARN_DIRECT_OBJC_ISA_USAGE = YES_ERROR;
				CLANG_WARN_DOCUMENTATION_COMMENTS = YES;
				CLANG_WARN_EMPTY_BODY = YES;
				CLANG_WARN_ENUM_CONVERSION = YES;
				CLANG_WARN_INFINITE_RECURSION = YES;
				CLANG_WARN_INT_CONVERSION = YES;
				CLANG_WARN_NON_LITERAL_NULL_CONVERSION = YES;
				CLANG_WARN_OBJC_IMPLICIT_RETAIN_SELF = YES;
				CLANG_WARN_OBJC_LITERAL_CONVERSION = YES;
				CLANG_WARN_OBJC_ROOT_CLASS = YES_ERROR;
				CLANG_WARN_QUOTED_INCLUDE_IN_FRAMEWORK_HEADER = YES;
				CLANG_WARN_RANGE_LOOP_ANALYSIS = YES;
				CLANG_WARN_STRICT_PROTOTYPES = YES;
				CLANG_WARN_SUSPICIOUS_MOVE = YES;
				CLANG_WARN_UNGUARDED_AVAILABILITY = YES_AGGRESSIVE;
				CLANG_WARN_UNREACHABLE_CODE = YES;
				CLANG_WARN__DUPLICATE_METHOD_MATCH = YES;
				COPY_PHASE_STRIP = NO;
				DEBUG_INFORMATION_FORMAT = "dwarf-with-dsym";
				ENABLE_NS_ASSERTIONS = NO;
				ENABLE_STRICT_OBJC_MSGSEND = YES;
				ENABLE_USER_SCRIPT_SANDBOXING = YES;
				GCC_C_LANGUAGE_STANDARD = gnu17;
				GCC_NO_COMMON_BLOCKS = YES;
				GCC_WARN_64_TO_32_BIT_CONVERSION = YES;
				GCC_WARN_ABOUT_RETURN_TYPE = YES_ERROR;
				GCC_WARN_UNDECLARED_SELECTOR = YES;
				GCC_WARN_UNINITIALIZED_AUTOS = YES_AGGRESSIVE;
				GCC_WARN_UNUSED_FUNCTION = YES;
				GCC_WARN_UNUSED_VARIABLE = YES;
				IPHONEOS_DEPLOYMENT_TARGET = 18.5;
				LOCALIZATION_PREFERS_STRING_CATALOGS = YES;
				MTL_ENABLE_DEBUG_INFO = NO;
				MTL_FAST_MATH = YES;
				SDKROOT = iphoneos;
				SWIFT_COMPILATION_MODE = wholemodule;
				VALIDATE_PRODUCT = YES;
			};
			name = Release;
		};
		08ADF1D22E69C572007748B1 /* Debug */ = {
			isa = XCBuildConfiguration;
			buildSettings = {
				ASSETCATALOG_COMPILER_APPICON_NAME = AppIcon;
				ASSETCATALOG_COMPILER_GLOBAL_ACCENT_COLOR_NAME = AccentColor;
				ASSETCATALOG_COMPILER_INCLUDE_ALL_APPICON_ASSETS = YES;
				CODE_SIGN_ENTITLEMENTS = ProcurementAIapp/ProcurementAIapp.entitlements;
				CODE_SIGN_STYLE = Automatic;
				CURRENT_PROJECT_VERSION = 1;
				DEVELOPMENT_TEAM = T39R98HL42;
				ENABLE_PREVIEWS = YES;
				GENERATE_INFOPLIST_FILE = YES;
				INFOPLIST_KEY_UIApplicationSceneManifest_Generation = YES;
				INFOPLIST_KEY_UIApplicationSupportsIndirectInputEvents = YES;
				INFOPLIST_KEY_UILaunchScreen_Generation = YES;
				INFOPLIST_KEY_UILaunchStoryboardName = "Launch Screen.storyboard";
				INFOPLIST_KEY_UISupportedInterfaceOrientations_iPad = "UIInterfaceOrientationPortrait UIInterfaceOrientationPortraitUpsideDown UIInterfaceOrientationLandscapeLeft UIInterfaceOrientationLandscapeRight";
				INFOPLIST_KEY_UISupportedInterfaceOrientations_iPhone = "UIInterfaceOrientationPortrait UIInterfaceOrientationLandscapeLeft UIInterfaceOrientationLandscapeRight";
				LD_RUNPATH_SEARCH_PATHS = (
					"$(inherited)",
					"@executable_path/Frameworks",
				);
				MARKETING_VERSION = 1.0;
				PRODUCT_BUNDLE_IDENTIFIER = com.tendersmith.ProcurementAIapp;
				PRODUCT_NAME = "$(TARGET_NAME)";
				SWIFT_EMIT_LOC_STRINGS = YES;
				SWIFT_VERSION = 5.0;
				TARGETED_DEVICE_FAMILY = "1,2";
			};
			name = Debug;
		};
		08ADF1D32E69C572007748B1 /* Release */ = {
			isa = XCBuildConfiguration;
			buildSettings = {
				ASSETCATALOG_COMPILER_APPICON_NAME = AppIcon;
				ASSETCATALOG_COMPILER_GLOBAL_ACCENT_COLOR_NAME = AccentColor;
				ASSETCATALOG_COMPILER_INCLUDE_ALL_APPICON_ASSETS = YES;
				CODE_SIGN_ENTITLEMENTS = ProcurementAIapp/ProcurementAIapp.entitlements;
				CODE_SIGN_STYLE = Automatic;
				CURRENT_PROJECT_VERSION = 1;
				DEVELOPMENT_TEAM = T39R98HL42;
				ENABLE_PREVIEWS = YES;
				GENERATE_INFOPLIST_FILE = YES;
				INFOPLIST_KEY_UIApplicationSceneManifest_Generation = YES;
				INFOPLIST_KEY_UIApplicationSupportsIndirectInputEvents = YES;
				INFOPLIST_KEY_UILaunchScreen_Generation = YES;
				INFOPLIST_KEY_UILaunchStoryboardName = "Launch Screen.storyboard";
				INFOPLIST_KEY_UISupportedInterfaceOrientations_iPad = "UIInterfaceOrientationPortrait UIInterfaceOrientationPortraitUpsideDown UIInterfaceOrientationLandscapeLeft UIInterfaceOrientationLandscapeRight";
				INFOPLIST_KEY_UISupportedInterfaceOrientations_iPhone = "UIInterfaceOrientationPortrait UIInterfaceOrientationLandscapeLeft UIInterfaceOrientationLandscapeRight";
				LD_RUNPATH_SEARCH_PATHS = (
					"$(inherited)",
					"@executable_path/Frameworks",
				);
				MARKETING_VERSION = 1.0;
				PRODUCT_BUNDLE_IDENTIFIER = com.tendersmith.ProcurementAIapp;
				PRODUCT_NAME = "$(TARGET_NAME)";
				SWIFT_EMIT_LOC_STRINGS = YES;
				SWIFT_VERSION = 5.0;
				TARGETED_DEVICE_FAMILY = "1,2";
			};
			name = Release;
		};
		08ADF1D52E69C572007748B1 /* Debug */ = {
			isa = XCBuildConfiguration;
			buildSettings = {
				BUNDLE_LOADER = "$(TEST_HOST)";
				CODE_SIGN_STYLE = Automatic;
				CURRENT_PROJECT_VERSION = 1;
				GENERATE_INFOPLIST_FILE = YES;
				IPHONEOS_DEPLOYMENT_TARGET = 18.5;
				MARKETING_VERSION = 1.0;
				PRODUCT_BUNDLE_IDENTIFIER = tendersmith.ProcurementAIappTests;
				PRODUCT_NAME = "$(TARGET_NAME)";
				SWIFT_EMIT_LOC_STRINGS = NO;
				SWIFT_VERSION = 5.0;
				TARGETED_DEVICE_FAMILY = "1,2";
				TEST_HOST = "$(BUILT_PRODUCTS_DIR)/ProcurementAIapp.app/$(BUNDLE_EXECUTABLE_FOLDER_PATH)/ProcurementAIapp";
			};
			name = Debug;
		};
		08ADF1D62E69C572007748B1 /* Release */ = {
			isa = XCBuildConfiguration;
			buildSettings = {
				BUNDLE_LOADER = "$(TEST_HOST)";
				CODE_SIGN_STYLE = Automatic;
				CURRENT_PROJECT_VERSION = 1;
				GENERATE_INFOPLIST_FILE = YES;
				IPHONEOS_DEPLOYMENT_TARGET = 18.5;
				MARKETING_VERSION = 1.0;
				PRODUCT_BUNDLE_IDENTIFIER = tendersmith.ProcurementAIappTests;
				PRODUCT_NAME = "$(TARGET_NAME)";
				SWIFT_EMIT_LOC_STRINGS = NO;
				SWIFT_VERSION = 5.0;
				TARGETED_DEVICE_FAMILY = "1,2";
				TEST_HOST = "$(BUILT_PRODUCTS_DIR)/ProcurementAIapp.app/$(BUNDLE_EXECUTABLE_FOLDER_PATH)/ProcurementAIapp";
			};
			name = Release;
		};
		08ADF1D82E69C572007748B1 /* Debug */ = {
			isa = XCBuildConfiguration;
			buildSettings = {
				CODE_SIGN_STYLE = Automatic;
				CURRENT_PROJECT_VERSION = 1;
				GENERATE_INFOPLIST_FILE = YES;
				MARKETING_VERSION = 1.0;
				PRODUCT_BUNDLE_IDENTIFIER = tendersmith.ProcurementAIappUITests;
				PRODUCT_NAME = "$(TARGET_NAME)";
				SWIFT_EMIT_LOC_STRINGS = NO;
				SWIFT_VERSION = 5.0;
				TARGETED_DEVICE_FAMILY = "1,2";
				TEST_TARGET_NAME = ProcurementAIapp;
			};
			name = Debug;
		};
		08ADF1D92E69C572007748B1 /* Release */ = {
			isa = XCBuildConfiguration;
			buildSettings = {
				CODE_SIGN_STYLE = Automatic;
				CURRENT_PROJECT_VERSION = 1;
				GENERATE_INFOPLIST_FILE = YES;
				MARKETING_VERSION = 1.0;
				PRODUCT_BUNDLE_IDENTIFIER = tendersmith.ProcurementAIappUITests;
				PRODUCT_NAME = "$(TARGET_NAME)";
				SWIFT_EMIT_LOC_STRINGS = NO;
				SWIFT_VERSION = 5.0;
				TARGETED_DEVICE_FAMILY = "1,2";
				TEST_TARGET_NAME = ProcurementAIapp;
			};
			name = Release;
		};
/* End XCBuildConfiguration section */

/* Begin XCConfigurationList section */
		08ADF1AB2E69C571007748B1 /* Build configuration list for PBXProject "ProcurementAIapp" */ = {
			isa = XCConfigurationList;
			buildConfigurations = (
				08ADF1CF2E69C572007748B1 /* Debug */,
				08ADF1D02E69C572007748B1 /* Release */,
			);
			defaultConfigurationIsVisible = 0;
			defaultConfigurationName = Release;
		};
		08ADF1D12E69C572007748B1 /* Build configuration list for PBXNativeTarget "ProcurementAIapp" */ = {
			isa = XCConfigurationList;
			buildConfigurations = (
				08ADF1D22E69C572007748B1 /* Debug */,
				08ADF1D32E69C572007748B1 /* Release */,
			);
			defaultConfigurationIsVisible = 0;
			defaultConfigurationName = Release;
		};
		08ADF1D42E69C572007748B1 /* Build configuration list for PBXNativeTarget "ProcurementAIappTests" */ = {
			isa = XCConfigurationList;
			buildConfigurations = (
				08ADF1D52E69C572007748B1 /* Debug */,
				08ADF1D62E69C572007748B1 /* Release */,
			);
			defaultConfigurationIsVisible = 0;
			defaultConfigurationName = Release;
		};
		08ADF1D72E69C572007748B1 /* Build configuration list for PBXNativeTarget "ProcurementAIappUITests" */ = {
			isa = XCConfigurationList;
			buildConfigurations = (
				08ADF1D82E69C572007748B1 /* Debug */,
				08ADF1D92E69C572007748B1 /* Release */,
			);
			defaultConfigurationIsVisible = 0;
			defaultConfigurationName = Release;
		};
/* End XCConfigurationList section */
	};
	rootObject = 08ADF1A82E69C571007748B1 /* Project object */;
}
